github.com/evergreen-ci/birch v0.0.0-20200414210913-9279ecfa8907 h1:OUM4LlH5XeZOXD64TmWHFxDvmXphYp6R1980lKKoLI8=
github.com/evergreen-ci/birch v0.0.0-20200414210913-9279ecfa8907/go.mod h1:IfmR6rcYhoHGAdYS51VEr60p1YzzXJvb7pFtGdNc88A=
github.com/pkg/errors v0.9.1 h1:FEBLx1zS214owpjy7qsBeixbURkuhQAwrK5UwLGTwt4=
github.com/pkg/errors v0.9.1/go.mod h1:bwawxfHBFNV+L2hUp1rHADufV3IMtnDRdf1r5NINEl0=
