github.com/StackExchange/wmi v1.2.1 h1:VIkavFPXSjcnS+O8yTq7NI32k0R5Aj+v39y29VYDOSA=
github.com/StackExchange/wmi v1.2.1/go.mod h1:rcmrprowKIVzvc+NUiLncP2uuArMWLCbu9SBzvHz7e8=
github.com/davecgh/go-spew v1.1.0 h1:ZDRjVQ15GmhC3fiQ8ni8+OwkZQO4DARzQgrnXU1Liz8=
github.com/fsnotify/fsnotify v1.4.9 h1:hsms1Qyu0jgnwNXIxa+/V/PDsU6CfLf6CNO8H7IWoS4=
github.com/fsnotify/fsnotify v1.4.9/go.mod h1:znqG4EE+3YCdAaPaxE2ZRY/06pZUdp0tY4IgpuI1SZQ=
github.com/go-ole/go-ole v1.2.5 h1:t4MGB5xEDZvXI+0rMjjsfBsD7yAgp/s9ZDkL1JndXwY=
github.com/go-ole/go-ole v1.2.5/go.mod h1:pprOEPIfldk/42T2oK7lQ4v4JSDwmV0As9GaiUsvbm0=
github.com/papertrail/go-tail v0.0.0-20180509224916-973c153b0431 h1:i1egM7gz4bPxLCIwBJOkpk6TqHpjTnL4dE1xdN/4dcs=
github.com/papertrail/go-tail v0.0.0-20180509224916-973c153b0431/go.mod h1:dMID0RaS2a5rhpOjC4RsAKitU6WGgkFBZnPVffL69b8=
github.com/pmezard/go-difflib v1.0.0 h1:4DBwDE0NGyQoBHbLQYPwSUPoCMWR5BEzIk/f1lZbAQM=
github.com/shirou/gopsutil v3.20.11+incompatible h1:LJr4ZQK4mPpIV5gOa4jCOKOGb4ty4DZO54I4FGqIpto=
github.com/shirou/gopsutil v3.20.11+incompatible/go.mod h1:5b4v6he4MtMOwMlS0TUMTu2PcXUg8+E1lC7eC3UO/RA=
github.com/stretchr/testify v1.7.0 h1:nwc3DEeHmmLAfoZucVR881uASk0Mfjw8xYJ99tb5CcY=
github.com/tychoish/emt v0.0.0-20220306153139-74b97c67f209 h1:8Z2d7UHsclqIT9TqEj4mckROESaHamMyu301YXxA5cs=
github.com/tychoish/emt v0.0.0-20220306153139-74b97c67f209/go.mod h1:KMhVWIsL98Q8AoorphjsOQWabcNOoYqMSpODR/rtRb4=
github.com/tychoish/grip v0.0.0-20220415013040-85cbe70c4424 h1:dxKSlA97i1RodQd0Onna5/aEiOAHLJ1ZP+iGu5uB+eA=
github.com/tychoish/grip v0.0.0-20220415013040-85cbe70c4424/go.mod h1:3tvVQ8VrpPHtvrIH+sP+voliM/JZNgu8XuZzVCBbEjs=
golang.org/x/sys v0.0.0-20190916202348-b4ddaad3f8a3/go.mod h1:h1NjWce9XRLGQEsW7wpKNCjG9DtNlClVuFLEZdDNbEs=
golang.org/x/sys v0.0.0-20191005200804-aed5e4c7ecf9/go.mod h1:h1NjWce9XRLGQEsW7wpKNCjG9DtNlClVuFLEZdDNbEs=
golang.org/x/sys v0.0.0-20201119102817-f84b799fce68 h1:nxC68pudNYkKU6jWhgrqdreuFiOQWj1Fs7T3VrH4Pjw=
golang.org/x/sys v0.0.0-20201119102817-f84b799fce68/go.mod h1:h1NjWce9XRLGQEsW7wpKNCjG9DtNlClVuFLEZdDNbEs=
gopkg.in/yaml.v3 v3.0.0-20200313102051-9f266ea9e77c h1:dUUwHk2QECo/6vqA44rthZ8ie2QXMNeKRTHCNY2nXvo=
