github.com/tychoish/birch v0.2.0 h1:vUXPTsqXQz4Ej+OvEPt02pJRyW4ic0SiGZbLEdari6g=
github.com/tychoish/birch v0.2.0/go.mod h1:hGLJLT0ZMUw17FmaYsnLu6dn1rd4sluGuhFIjVtcSvI=
github.com/tychoish/fun v0.14.1 h1:fMeLxEPUjiFa13KyPtf/JZb8m7KXJrB5sHipyMEFJIk=
github.com/tychoish/fun v0.14.1/go.mod h1:ghjR/9EyWh8h8oBg2+WJhsEcF/W4JXMWpo6btMRNusE=
