github.com/tychoish/birch v0.2.0 h1:vUXPTsqXQz4Ej+OvEPt02pJRyW4ic0SiGZbLEdari6g=
github.com/tychoish/birch v0.2.0/go.mod h1:hGLJLT0ZMUw17FmaYsnLu6dn1rd4sluGuhFIjVtcSvI=
github.com/tychoish/fun v0.8.6 h1:OZVwZWFgQzXrg5fplF5m86lcrtnw6uICmkEMJMoOjL4=
github.com/tychoish/fun v0.8.6/go.mod h1:84A+BwGecz23UotmbB4mtvVS5ZcsZpspecduxpwF/XM=
